
Microsoft Visual Studio Solution File, Format Version 12.00
# Visual Studio Version 17
VisualStudioVersion = 17.9.34728.123
MinimumVisualStudioVersion = 10.0.40219.1
Project("{9A19103F-16F7-4668-BE54-9A1E7A4F7556}") = "ElementalWords", "src\ElementalWords.csproj", "{B400FE52-BA1A-4358-BA4F-FD00403103F9}"
EndProject
Project("{9A19103F-16F7-4668-BE54-9A1E7A4F7556}") = "ElementalWords.Tests", "Tests\ElementalWords.Tests.csproj", "{9F5752FC-0B8C-440C-B4D9-F90899AAD467}"
EndProject
Global
	GlobalSection(SolutionConfigurationPlatforms) = preSolution
		Debug|Any CPU = Debug|Any CPU
		Release|Any CPU = Release|Any CPU
	EndGlobalSection
	GlobalSection(ProjectConfigurationPlatforms) = postSolution
		{B400FE52-BA1A-4358-BA4F-FD00403103F9}.Debug|Any CPU.ActiveCfg = Debug|Any CPU
		{B400FE52-BA1A-4358-BA4F-FD00403103F9}.Debug|Any CPU.Build.0 = Debug|Any CPU
		{B400FE52-BA1A-4358-BA4F-FD00403103F9}.Release|Any CPU.ActiveCfg = Release|Any CPU
		{B400FE52-BA1A-4358-BA4F-FD00403103F9}.Release|Any CPU.Build.0 = Release|Any CPU
		{9F5752FC-0B8C-440C-B4D9-F90899AAD467}.Debug|Any CPU.ActiveCfg = Debug|Any CPU
		{9F5752FC-0B8C-440C-B4D9-F90899AAD467}.Debug|Any CPU.Build.0 = Debug|Any CPU
		{9F5752FC-0B8C-440C-B4D9-F90899AAD467}.Release|Any CPU.ActiveCfg = Release|Any CPU
		{9F5752FC-0B8C-440C-B4D9-F90899AAD467}.Release|Any CPU.Build.0 = Release|Any CPU
	EndGlobalSection
	GlobalSection(SolutionProperties) = preSolution
		HideSolutionNode = FALSE
	EndGlobalSection
	GlobalSection(ExtensibilityGlobals) = postSolution
		SolutionGuid = {DD4073AD-BCCD-4B11-979D-BA6C1E1F864D}
	EndGlobalSection
EndGlobal
